// !$*UTF8*$!
{
	archiveVersion = 1;
	classes = {
	};
	objectVersion = 46;
	objects = {

/* Begin PBXBuildFile section */
		2169A9C015FE55E6002EAA3A /* UIKit.framework in Frameworks */ = {isa = PBXBuildFile; fileRef = 2169A9BF15FE55E6002EAA3A /* UIKit.framework */; };
		2169A9C215FE55E6002EAA3A /* Foundation.framework in Frameworks */ = {isa = PBXBuildFile; fileRef = 2169A9C115FE55E6002EAA3A /* Foundation.framework */; };
		2169A9C415FE55E6002EAA3A /* CoreGraphics.framework in Frameworks */ = {isa = PBXBuildFile; fileRef = 2169A9C315FE55E6002EAA3A /* CoreGraphics.framework */; };
		2169A9CA15FE55E6002EAA3A /* InfoPlist.strings in Resources */ = {isa = PBXBuildFile; fileRef = 2169A9C815FE55E6002EAA3A /* InfoPlist.strings */; };
		2169A9CC15FE55E6002EAA3A /* main.m in Sources */ = {isa = PBXBuildFile; fileRef = 2169A9CB15FE55E6002EAA3A /* main.m */; };
		2169A9D015FE55E6002EAA3A /* BZAppDelegate.m in Sources */ = {isa = PBXBuildFile; fileRef = 2169A9CF15FE55E6002EAA3A /* BZAppDelegate.m */; };
		2169A9D315FE55E6002EAA3A /* MainStoryboard.storyboard in Resources */ = {isa = PBXBuildFile; fileRef = 2169A9D115FE55E6002EAA3A /* MainStoryboard.storyboard */; };
		2169A9D615FE55E6002EAA3A /* BZViewController.m in Sources */ = {isa = PBXBuildFile; fileRef = 2169A9D515FE55E6002EAA3A /* BZViewController.m */; };
/* End PBXBuildFile section */

/* Begin PBXFileReference section */
		2169A9BB15FE55E6002EAA3A /* catch.app */ = {isa = PBXFileReference; explicitFileType = wrapper.application; includeInIndex = 0; path = catch.app; sourceTree = BUILT_PRODUCTS_DIR; };
		2169A9BF15FE55E6002EAA3A /* UIKit.framework */ = {isa = PBXFileReference; lastKnownFileType = wrapper.framework; name = UIKit.framework; path = System/Library/Frameworks/UIKit.framework; sourceTree = SDKROOT; };
		2169A9C115FE55E6002EAA3A /* Foundation.framework */ = {isa = PBXFileReference; lastKnownFileType = wrapper.framework; name = Foundation.framework; path = System/Library/Frameworks/Foundation.framework; sourceTree = SDKROOT; };
		2169A9C315FE55E6002EAA3A /* CoreGraphics.framework */ = {isa = PBXFileReference; lastKnownFileType = wrapper.framework; name = CoreGraphics.framework; path = System/Library/Frameworks/CoreGraphics.framework; sourceTree = SDKROOT; };
		2169A9C715FE55E6002EAA3A /* catch-Info.plist */ = {isa = PBXFileReference; path = "catch-Info.plist"; sourceTree = "<group>"; };
		2169A9C915FE55E6002EAA3A /* en */ = {isa = PBXFileReference; lastKnownFileType = text.plist.strings; name = en; path = en.lproj/InfoPlist.strings; sourceTree = "<group>"; };
		2169A9CB15FE55E6002EAA3A /* main.m */ = {isa = PBXFileReference; lastKnownFileType = sourcecode.c.objc; path = main.m; sourceTree = "<group>"; };
		2169A9CD15FE55E6002EAA3A /* catch-Prefix.pch */ = {isa = PBXFileReference; path = "catch-Prefix.pch"; sourceTree = "<group>"; };
		2169A9CE15FE55E6002EAA3A /* BZAppDelegate.h */ = {isa = PBXFileReference; path = BZAppDelegate.h; sourceTree = "<group>"; };
		2169A9CF15FE55E6002EAA3A /* BZAppDelegate.m */ = {isa = PBXFileReference; lastKnownFileType = sourcecode.c.objc; path = BZAppDelegate.m; sourceTree = "<group>"; };
		2169A9D215FE55E6002EAA3A /* en */ = {isa = PBXFileReference; lastKnownFileType = file.storyboard; name = en; path = en.lproj/MainStoryboard.storyboard; sourceTree = "<group>"; };
		2169A9D415FE55E6002EAA3A /* BZViewController.h */ = {isa = PBXFileReference; path = BZViewController.h; sourceTree = "<group>"; };
		2169A9D515FE55E6002EAA3A /* BZViewController.m */ = {isa = PBXFileReference; lastKnownFileType = sourcecode.c.objc; path = BZViewController.m; sourceTree = "<group>"; };
/* End PBXFileReference section */

/* Begin PBXFrameworksBuildPhase section */
		2169A9B815FE55E6002EAA3A /* Frameworks */ = {
			isa = PBXFrameworksBuildPhase;
			buildActionMask = 2147483647;
			files = (
				2169A9C015FE55E6002EAA3A /* UIKit.framework in Frameworks */,
				2169A9C215FE55E6002EAA3A /* Foundation.framework in Frameworks */,
				2169A9C415FE55E6002EAA3A /* CoreGraphics.framework in Frameworks */,
			);
			runOnlyForDeploymentPostprocessing = 0;
		};
/* End PBXFrameworksBuildPhase section */

/* Begin PBXGroup section */
		2169A9B015FE55E4002EAA3A = {
			isa = PBXGroup;
			children = (
				2169A9C515FE55E6002EAA3A /* catch */,
				2169A9BE15FE55E6002EAA3A /* Frameworks */,
				2169A9BC15FE55E6002EAA3A /* Products */,
			);
			sourceTree = "<group>";
		};
		2169A9BC15FE55E6002EAA3A /* Products */ = {
			isa = PBXGroup;
			children = (
				2169A9BB15FE55E6002EAA3A /* catch.app */,
			);
			name = Products;
			sourceTree = "<group>";
		};
		2169A9BE15FE55E6002EAA3A /* Frameworks */ = {
			isa = PBXGroup;
			children = (
				2169A9BF15FE55E6002EAA3A /* UIKit.framework */,
				2169A9C115FE55E6002EAA3A /* Foundation.framework */,
				2169A9C315FE55E6002EAA3A /* CoreGraphics.framework */,
			);
			name = Frameworks;
			sourceTree = "<group>";
		};
		2169A9C515FE55E6002EAA3A /* catch */ = {
			isa = PBXGroup;
			children = (
				2169A9CE15FE55E6002EAA3A /* BZAppDelegate.h */,
				2169A9CF15FE55E6002EAA3A /* BZAppDelegate.m */,
				2169A9D115FE55E6002EAA3A /* MainStoryboard.storyboard */,
				2169A9D415FE55E6002EAA3A /* BZViewController.h */,
				2169A9D515FE55E6002EAA3A /* BZViewController.m */,
				2169A9C615FE55E6002EAA3A /* Supporting Files */,
			);
			path = catch;
			sourceTree = "<group>";
		};
		2169A9C615FE55E6002EAA3A /* Supporting Files */ = {
			isa = PBXGroup;
			children = (
				2169A9C715FE55E6002EAA3A /* catch-Info.plist */,
				2169A9C815FE55E6002EAA3A /* InfoPlist.strings */,
				2169A9CB15FE55E6002EAA3A /* main.m */,
				2169A9CD15FE55E6002EAA3A /* catch-Prefix.pch */,
			);
			name = "Supporting Files";
			sourceTree = "<group>";
		};
/* End PBXGroup section */

/* Begin PBXNativeTarget section */
		2169A9BA15FE55E6002EAA3A /* catch */ = {
			isa = PBXNativeTarget;
			buildConfigurationList = 2169A9D915FE55E6002EAA3A /* Build configuration list for PBXNativeTarget "catch" */;
			buildPhases = (
				2169A9B715FE55E6002EAA3A /* Sources */,
				2169A9B815FE55E6002EAA3A /* Frameworks */,
				2169A9B915FE55E6002EAA3A /* Resources */,
			);
			buildRules = (
			);
			dependencies = (
			);
			name = catch;
			productName = catch;
			productReference = 2169A9BB15FE55E6002EAA3A /* catch.app */;
			productType = "com.apple.product-type.application";
		};
/* End PBXNativeTarget section */

/* Begin PBXProject section */
		2169A9B215FE55E4002EAA3A /* Project object */ = {
			isa = PBXProject;
			attributes = {
				CLASSPREFIX = BZ;
				LastUpgradeCheck = 0430;
			};
			buildConfigurationList = 2169A9B515FE55E4002EAA3A /* Build configuration list for PBXProject "catch" */;
			compatibilityVersion = "Xcode 3.2";
			developmentRegion = English;
			hasScannedForEncodings = 0;
			knownRegions = (
				en,
			);
			mainGroup = 2169A9B015FE55E4002EAA3A;
			productRefGroup = 2169A9BC15FE55E6002EAA3A /* Products */;
			projectDirPath = "";
			projectRoot = "";
			targets = (
				2169A9BA15FE55E6002EAA3A /* catch */,
			);
		};
/* End PBXProject section */

/* Begin PBXResourcesBuildPhase section */
		2169A9B915FE55E6002EAA3A /* Resources */ = {
			isa = PBXResourcesBuildPhase;
			buildActionMask = 2147483647;
			files = (
				2169A9CA15FE55E6002EAA3A /* InfoPlist.strings in Resources */,
				2169A9D315FE55E6002EAA3A /* MainStoryboard.storyboard in Resources */,
			);
			runOnlyForDeploymentPostprocessing = 0;
		};
/* End PBXResourcesBuildPhase section */

/* Begin PBXSourcesBuildPhase section */
		2169A9B715FE55E6002EAA3A /* Sources */ = {
			isa = PBXSourcesBuildPhase;
			buildActionMask = 2147483647;
			files = (
				2169A9CC15FE55E6002EAA3A /* main.m in Sources */,
				2169A9D015FE55E6002EAA3A /* BZAppDelegate.m in Sources */,
				2169A9D615FE55E6002EAA3A /* BZViewController.m in Sources */,
			);
			runOnlyForDeploymentPostprocessing = 0;
		};
/* End PBXSourcesBuildPhase section */

/* Begin PBXVariantGroup section */
		2169A9C815FE55E6002EAA3A /* InfoPlist.strings */ = {
			isa = PBXVariantGroup;
			children = (
				2169A9C915FE55E6002EAA3A /* en */,
			);
			name = InfoPlist.strings;
			sourceTree = "<group>";
		};
		2169A9D115FE55E6002EAA3A /* MainStoryboard.storyboard */ = {
			isa = PBXVariantGroup;
			children = (
				2169A9D215FE55E6002EAA3A /* en */,
			);
			name = MainStoryboard.storyboard;
			sourceTree = "<group>";
		};
/* End PBXVariantGroup section */

/* Begin XCBuildConfiguration section */
		2169A9D715FE55E6002EAA3A /* Debug */ = {
			isa = XCBuildConfiguration;
			buildSettings = {
				ALWAYS_SEARCH_USER_PATHS = NO;
				ARCHS = "$(ARCHS_STANDARD_32_BIT)";
				CLANG_ENABLE_OBJC_ARC = YES;
				"CODE_SIGN_IDENTITY[sdk=iphoneos*]" = "iPhone Developer";
				COPY_PHASE_STRIP = NO;
				GCC_C_LANGUAGE_STANDARD = gnu99;
				GCC_DYNAMIC_NO_PIC = NO;
				GCC_OPTIMIZATION_LEVEL = 0;
				GCC_PREPROCESSOR_DEFINITIONS = (
					"DEBUG=1",
					"$(inherited)",
				);
				GCC_SYMBOLS_PRIVATE_EXTERN = NO;
				GCC_VERSION = com.apple.compilers.llvm.clang.1_0;
				GCC_WARN_ABOUT_RETURN_TYPE = YES;
				GCC_WARN_UNINITIALIZED_AUTOS = YES;
				GCC_WARN_UNUSED_VARIABLE = YES;
				IPHONEOS_DEPLOYMENT_TARGET = 5.1;
				SDKROOT = iphoneos;
			};
			name = Debug;
		};
		2169A9D815FE55E6002EAA3A /* Release */ = {
			isa = XCBuildConfiguration;
			buildSettings = {
				ALWAYS_SEARCH_USER_PATHS = NO;
				ARCHS = "$(ARCHS_STANDARD_32_BIT)";
				CLANG_ENABLE_OBJC_ARC = YES;
				"CODE_SIGN_IDENTITY[sdk=iphoneos*]" = "iPhone Developer";
				COPY_PHASE_STRIP = YES;
				GCC_C_LANGUAGE_STANDARD = gnu99;
				GCC_VERSION = com.apple.compilers.llvm.clang.1_0;
				GCC_WARN_ABOUT_RETURN_TYPE = YES;
				GCC_WARN_UNINITIALIZED_AUTOS = YES;
				GCC_WARN_UNUSED_VARIABLE = YES;
				IPHONEOS_DEPLOYMENT_TARGET = 5.1;
				OTHER_CFLAGS = "-DNS_BLOCK_ASSERTIONS=1";
				SDKROOT = iphoneos;
				VALIDATE_PRODUCT = YES;
			};
			name = Release;
		};
		2169A9DA15FE55E6002EAA3A /* Debug */ = {
			isa = XCBuildConfiguration;
			buildSettings = {
				GCC_PRECOMPILE_PREFIX_HEADER = YES;
				GCC_PREFIX_HEADER = "catch/catch-Prefix.pch";
				INFOPLIST_FILE = "catch/catch-Info.plist";
				PRODUCT_NAME = "$(TARGET_NAME)";
				WRAPPER_EXTENSION = app;
			};
			name = Debug;
		};
		2169A9DB15FE55E6002EAA3A /* Release */ = {
			isa = XCBuildConfiguration;
			buildSettings = {
				GCC_PRECOMPILE_PREFIX_HEADER = YES;
				GCC_PREFIX_HEADER = "catch/catch-Prefix.pch";
				INFOPLIST_FILE = "catch/catch-Info.plist";
				PRODUCT_NAME = "$(TARGET_NAME)";
				WRAPPER_EXTENSION = app;
			};
			name = Release;
		};
/* End XCBuildConfiguration section */

/* Begin XCConfigurationList section */
		2169A9B515FE55E4002EAA3A /* Build configuration list for PBXProject "catch" */ = {
			isa = XCConfigurationList;
			buildConfigurations = (
				2169A9D715FE55E6002EAA3A /* Debug */,
				2169A9D815FE55E6002EAA3A /* Release */,
			);
			defaultConfigurationIsVisible = 0;
			defaultConfigurationName = Release;
		};
		2169A9D915FE55E6002EAA3A /* Build configuration list for PBXNativeTarget "catch" */ = {
			isa = XCConfigurationList;
			buildConfigurations = (
				2169A9DA15FE55E6002EAA3A /* Debug */,
				2169A9DB15FE55E6002EAA3A /* Release */,
			);
			defaultConfigurationIsVisible = 0;
		};
/* End XCConfigurationList section */
	};
	rootObject = 2169A9B215FE55E4002EAA3A /* Project object */;
}
