<?xml version="1.0" encoding="UTF-8"?>
<Scheme
   version = "1.7">
   <BuildAction
      parallelizeBuildables = "YES"
      buildImplicitDependencies = "YES">
      <BuildActionEntries>
         <BuildActionEntry
            buildForTesting = "YES"
            buildForRunning = "YES"
            buildForProfiling = "YES"
            buildForArchiving = "YES"
            buildForAnalyzing = "YES">
            <BuildableReference
               BuildableIdentifier = "primary"
               BlueprintIdentifier = "2169A9BA15FE55E6002EAA3A"
               BuildableName = "catch.app"
               BlueprintName = "catch"
               ReferencedContainer = "container:catch.xcodeproj">
            </BuildableReference>
         </BuildActionEntry>
      </BuildActionEntries>
   </BuildAction>
   <TestAction
      selectedDebuggerIdentifier = "Xcode.DebuggerFoundation.Debugger.LLDB"
      selectedLauncherIdentifier = "Xcode.DebuggerFoundation.Launcher.LLDB"
      shouldUseLaunchSchemeArgsEnv = "YES"
      buildConfiguration = "Debug">
      <PostActions>
         <ExecutionAction
            ActionType = "Xcode.IDEStandardExecutionActionsCore.ExecutionActionType.ShellScriptAction">
            <ActionContent
               title = "Run Script"
               scriptText = "set PLATFORM_PREFERRED_ARCH to system attribute &quot;PLATFORM_PREFERRED_ARCH&quot;&#10;set OBJECT_FILE_DIR to system attribute &quot;OBJECT_FILE_DIR&quot;&#10;set BUILD_VARIANTS to system attribute &quot;BUILD_VARIANTS&quot;&#10;set coverageDir to OBJECT_FILE_DIR &amp; &quot;-&quot; &amp; BUILD_VARIANTS &amp; &quot;/&quot; &amp; PLATFORM_PREFERRED_ARCH&#10;if PLATFORM_PREFERRED_ARCH is equal to &quot;i386&quot; then&#10;tell application &quot;CoverStory&quot;&#10;activate&#10;set coverage to open coverageDir&#10;end tell&#10;end if"
               shellToInvoke = "/usr/bin/osascript">
               <EnvironmentBuildable>
                  <BuildableReference
                     BuildableIdentifier = "primary"
                     BlueprintIdentifier = "2169A9E415FE6D2B002EAA3A"
                     BuildableName = "Unit Specs.octest"
                     BlueprintName = "Unit Specs"
                     ReferencedContainer = "container:catch.xcodeproj">
                  </BuildableReference>
               </EnvironmentBuildable>
            </ActionContent>
         </ExecutionAction>
      </PostActions>
      <Testables>
         <TestableReference
            skipped = "NO">
            <BuildableReference
               BuildableIdentifier = "primary"
               BlueprintIdentifier = "2169A9E415FE6D2B002EAA3A"
               BuildableName = "Unit Specs.octest"
               BlueprintName = "Unit Specs"
               ReferencedContainer = "container:catch.xcodeproj">
            </BuildableReference>
         </TestableReference>
      </Testables>
      <MacroExpansion>
         <BuildableReference
            BuildableIdentifier = "primary"
            BlueprintIdentifier = "2169A9BA15FE55E6002EAA3A"
            BuildableName = "catch.app"
            BlueprintName = "catch"
            ReferencedContainer = "container:catch.xcodeproj">
         </BuildableReference>
      </MacroExpansion>
   </TestAction>
   <LaunchAction
      selectedDebuggerIdentifier = "Xcode.DebuggerFoundation.Debugger.LLDB"
      selectedLauncherIdentifier = "Xcode.DebuggerFoundation.Launcher.LLDB"
      launchStyle = "0"
      useCustomWorkingDirectory = "NO"
      buildConfiguration = "Debug"
      ignoresPersistentStateOnLaunch = "NO"
      debugDocumentVersioning = "YES"
      allowLocationSimulation = "YES">
      <BuildableProductRunnable>
         <BuildableReference
            BuildableIdentifier = "primary"
            BlueprintIdentifier = "2169A9BA15FE55E6002EAA3A"
            BuildableName = "catch.app"
            BlueprintName = "catch"
            ReferencedContainer = "container:catch.xcodeproj">
         </BuildableReference>
      </BuildableProductRunnable>
      <AdditionalOptions>
      </AdditionalOptions>
   </LaunchAction>
   <ProfileAction
      shouldUseLaunchSchemeArgsEnv = "YES"
      savedToolIdentifier = ""
      useCustomWorkingDirectory = "NO"
      buildConfiguration = "Release"
      debugDocumentVersioning = "YES">
      <BuildableProductRunnable>
         <BuildableReference
            BuildableIdentifier = "primary"
            BlueprintIdentifier = "2169A9BA15FE55E6002EAA3A"
            BuildableName = "catch.app"
            BlueprintName = "catch"
            ReferencedContainer = "container:catch.xcodeproj">
         </BuildableReference>
      </BuildableProductRunnable>
   </ProfileAction>
   <AnalyzeAction
      buildConfiguration = "Debug">
   </AnalyzeAction>
   <ArchiveAction
      buildConfiguration = "Release"
      revealArchiveInOrganizer = "YES">
   </ArchiveAction>
</Scheme>
